
Microsoft Visual Studio Solution File, Format Version 12.00
# Visual Studio 14
VisualStudioVersion = 14.0.25420.1
MinimumVisualStudioVersion = 10.0.40219.1
Project("{FAE04EC0-301F-11D3-BF4B-00C04F79EFBC}") = "Sugitec", "Sugitec\Sugitec.csproj", "{F3500634-7E94-4953-B8FC-58E11F9A0D2B}"
EndProject
Project("{FAE04EC0-301F-11D3-BF4B-00C04F79EFBC}") = "Common", "Common\Common.csproj", "{C1810B5A-9618-40D4-A31E-8CF3813AD5BA}"
EndProject
Project("{FAE04EC0-301F-11D3-BF4B-00C04F79EFBC}") = "Logics", "Logics\Logics.csproj", "{60FF4CAB-8DA1-4345-99C6-C6FCE57FC408}"
EndProject
Global
	GlobalSection(SolutionConfigurationPlatforms) = preSolution
		Debug|Any CPU = Debug|Any CPU
		Release|Any CPU = Release|Any CPU
	EndGlobalSection
	GlobalSection(ProjectConfigurationPlatforms) = postSolution
		{F3500634-7E94-4953-B8FC-58E11F9A0D2B}.Debug|Any CPU.ActiveCfg = Debug|Any CPU
		{F3500634-7E94-4953-B8FC-58E11F9A0D2B}.Debug|Any CPU.Build.0 = Debug|Any CPU
		{F3500634-7E94-4953-B8FC-58E11F9A0D2B}.Release|Any CPU.ActiveCfg = Release|Any CPU
		{F3500634-7E94-4953-B8FC-58E11F9A0D2B}.Release|Any CPU.Build.0 = Release|Any CPU
		{C1810B5A-9618-40D4-A31E-8CF3813AD5BA}.Debug|Any CPU.ActiveCfg = Debug|Any CPU
		{C1810B5A-9618-40D4-A31E-8CF3813AD5BA}.Debug|Any CPU.Build.0 = Debug|Any CPU
		{C1810B5A-9618-40D4-A31E-8CF3813AD5BA}.Release|Any CPU.ActiveCfg = Release|Any CPU
		{C1810B5A-9618-40D4-A31E-8CF3813AD5BA}.Release|Any CPU.Build.0 = Release|Any CPU
		{60FF4CAB-8DA1-4345-99C6-C6FCE57FC408}.Debug|Any CPU.ActiveCfg = Debug|Any CPU
		{60FF4CAB-8DA1-4345-99C6-C6FCE57FC408}.Debug|Any CPU.Build.0 = Debug|Any CPU
		{60FF4CAB-8DA1-4345-99C6-C6FCE57FC408}.Release|Any CPU.ActiveCfg = Release|Any CPU
		{60FF4CAB-8DA1-4345-99C6-C6FCE57FC408}.Release|Any CPU.Build.0 = Release|Any CPU
	EndGlobalSection
	GlobalSection(SolutionProperties) = preSolution
		HideSolutionNode = FALSE
	EndGlobalSection
	GlobalSection(TeamFoundationVersionControl) = preSolution
		SccNumberOfProjects = 4
		SccEnterpriseProvider = {4CA58AB2-18FA-4F8D-95D4-32DDF27D184C}
		SccTeamFoundationServer = http://192.168.2.29:8080/tfs/sugitec
		SccLocalPath0 = .
		SccProjectUniqueName1 = Common\\Common.csproj
		SccProjectName1 = Common
		SccLocalPath1 = Common
		SccProjectUniqueName2 = Logics\\Logics.csproj
		SccProjectName2 = Logics
		SccLocalPath2 = Logics
		SccProjectUniqueName3 = Sugitec\\Sugitec.csproj
		SccProjectName3 = Sugitec
		SccLocalPath3 = Sugitec
	EndGlobalSection
EndGlobal
